// !$*UTF8*$!
{
	archiveVersion = 1;
	classes = {
	};
	objectVersion = 46;
	objects = {

/* Begin PBXBuildFile section */
		7B24F8E018B2A73C00C67663 /* Foundation.framework in Frameworks */ = {isa = PBXBuildFile; fileRef = 7B24F8DF18B2A73C00C67663 /* Foundation.framework */; };
		7B24F8E218B2A73C00C67663 /* CoreGraphics.framework in Frameworks */ = {isa = PBXBuildFile; fileRef = 7B24F8E118B2A73C00C67663 /* CoreGraphics.framework */; };
		7B24F8E418B2A73C00C67663 /* UIKit.framework in Frameworks */ = {isa = PBXBuildFile; fileRef = 7B24F8E318B2A73C00C67663 /* UIKit.framework */; };
		7B24F8EA18B2A73C00C67663 /* InfoPlist.strings in Resources */ = {isa = PBXBuildFile; fileRef = 7B24F8E818B2A73C00C67663 /* InfoPlist.strings */; };
		7B24F8EC18B2A73C00C67663 /* main.m in Sources */ = {isa = PBXBuildFile; fileRef = 7B24F8EB18B2A73C00C67663 /* main.m */; };
		7B24F8F018B2A73C00C67663 /* ConversateAppDelegate.m in Sources */ = {isa = PBXBuildFile; fileRef = 7B24F8EF18B2A73C00C67663 /* ConversateAppDelegate.m */; };
		7B24F8F318B2A73C00C67663 /* Main.storyboard in Resources */ = {isa = PBXBuildFile; fileRef = 7B24F8F118B2A73C00C67663 /* Main.storyboard */; };
		7B24F8F618B2A73C00C67663 /* ConversateViewController.m in Sources */ = {isa = PBXBuildFile; fileRef = 7B24F8F518B2A73C00C67663 /* ConversateViewController.m */; };
		7B24F8F818B2A73C00C67663 /* Images.xcassets in Resources */ = {isa = PBXBuildFile; fileRef = 7B24F8F718B2A73C00C67663 /* Images.xcassets */; };
		7B24F8FF18B2A73C00C67663 /* XCTest.framework in Frameworks */ = {isa = PBXBuildFile; fileRef = 7B24F8FE18B2A73C00C67663 /* XCTest.framework */; };
		7B24F90018B2A73C00C67663 /* Foundation.framework in Frameworks */ = {isa = PBXBuildFile; fileRef = 7B24F8DF18B2A73C00C67663 /* Foundation.framework */; };
		7B24F90118B2A73C00C67663 /* UIKit.framework in Frameworks */ = {isa = PBXBuildFile; fileRef = 7B24F8E318B2A73C00C67663 /* UIKit.framework */; };
		7B24F90918B2A73C00C67663 /* InfoPlist.strings in Resources */ = {isa = PBXBuildFile; fileRef = 7B24F90718B2A73C00C67663 /* InfoPlist.strings */; };
		7B24F90B18B2A73C00C67663 /* ConversateTests.m in Sources */ = {isa = PBXBuildFile; fileRef = 7B24F90A18B2A73C00C67663 /* ConversateTests.m */; };
/* End PBXBuildFile section */

/* Begin PBXContainerItemProxy section */
		7B24F90218B2A73C00C67663 /* PBXContainerItemProxy */ = {
			isa = PBXContainerItemProxy;
			containerPortal = 7B24F8D418B2A73C00C67663 /* Project object */;
			proxyType = 1;
			remoteGlobalIDString = 7B24F8DB18B2A73C00C67663;
			remoteInfo = Conversate;
		};
/* End PBXContainerItemProxy section */

/* Begin PBXFileReference section */
		7B24F8DC18B2A73C00C67663 /* Conversate.app */ = {isa = PBXFileReference; explicitFileType = wrapper.application; includeInIndex = 0; path = Conversate.app; sourceTree = BUILT_PRODUCTS_DIR; };
		7B24F8DF18B2A73C00C67663 /* Foundation.framework */ = {isa = PBXFileReference; lastKnownFileType = wrapper.framework; name = Foundation.framework; path = System/Library/Frameworks/Foundation.framework; sourceTree = SDKROOT; };
		7B24F8E118B2A73C00C67663 /* CoreGraphics.framework */ = {isa = PBXFileReference; lastKnownFileType = wrapper.framework; name = CoreGraphics.framework; path = System/Library/Frameworks/CoreGraphics.framework; sourceTree = SDKROOT; };
		7B24F8E318B2A73C00C67663 /* UIKit.framework */ = {isa = PBXFileReference; lastKnownFileType = wrapper.framework; name = UIKit.framework; path = System/Library/Frameworks/UIKit.framework; sourceTree = SDKROOT; };
		7B24F8E718B2A73C00C67663 /* Conversate-Info.plist */ = {isa = PBXFileReference; lastKnownFileType = text.plist.xml; path = "Conversate-Info.plist"; sourceTree = "<group>"; };
		7B24F8E918B2A73C00C67663 /* en */ = {isa = PBXFileReference; lastKnownFileType = text.plist.strings; name = en; path = en.lproj/InfoPlist.strings; sourceTree = "<group>"; };
		7B24F8EB18B2A73C00C67663 /* main.m */ = {isa = PBXFileReference; lastKnownFileType = sourcecode.c.objc; path = main.m; sourceTree = "<group>"; };
		7B24F8ED18B2A73C00C67663 /* Conversate-Prefix.pch */ = {isa = PBXFileReference; lastKnownFileType = sourcecode.c.h; path = "Conversate-Prefix.pch"; sourceTree = "<group>"; };
		7B24F8EE18B2A73C00C67663 /* ConversateAppDelegate.h */ = {isa = PBXFileReference; lastKnownFileType = sourcecode.c.h; path = ConversateAppDelegate.h; sourceTree = "<group>"; };
		7B24F8EF18B2A73C00C67663 /* ConversateAppDelegate.m */ = {isa = PBXFileReference; lastKnownFileType = sourcecode.c.objc; path = ConversateAppDelegate.m; sourceTree = "<group>"; };
		7B24F8F218B2A73C00C67663 /* Base */ = {isa = PBXFileReference; lastKnownFileType = file.storyboard; name = Base; path = Base.lproj/Main.storyboard; sourceTree = "<group>"; };
		7B24F8F418B2A73C00C67663 /* ConversateViewController.h */ = {isa = PBXFileReference; lastKnownFileType = sourcecode.c.h; path = ConversateViewController.h; sourceTree = "<group>"; };
		7B24F8F518B2A73C00C67663 /* ConversateViewController.m */ = {isa = PBXFileReference; lastKnownFileType = sourcecode.c.objc; path = ConversateViewController.m; sourceTree = "<group>"; };
		7B24F8F718B2A73C00C67663 /* Images.xcassets */ = {isa = PBXFileReference; lastKnownFileType = folder.assetcatalog; path = Images.xcassets; sourceTree = "<group>"; };
		7B24F8FD18B2A73C00C67663 /* ConversateTests.xctest */ = {isa = PBXFileReference; explicitFileType = wrapper.cfbundle; includeInIndex = 0; path = ConversateTests.xctest; sourceTree = BUILT_PRODUCTS_DIR; };
		7B24F8FE18B2A73C00C67663 /* XCTest.framework */ = {isa = PBXFileReference; lastKnownFileType = wrapper.framework; name = XCTest.framework; path = Library/Frameworks/XCTest.framework; sourceTree = DEVELOPER_DIR; };
		7B24F90618B2A73C00C67663 /* ConversateTests-Info.plist */ = {isa = PBXFileReference; lastKnownFileType = text.plist.xml; path = "ConversateTests-Info.plist"; sourceTree = "<group>"; };
		7B24F90818B2A73C00C67663 /* en */ = {isa = PBXFileReference; lastKnownFileType = text.plist.strings; name = en; path = en.lproj/InfoPlist.strings; sourceTree = "<group>"; };
		7B24F90A18B2A73C00C67663 /* ConversateTests.m */ = {isa = PBXFileReference; lastKnownFileType = sourcecode.c.objc; path = ConversateTests.m; sourceTree = "<group>"; };
/* End PBXFileReference section */

/* Begin PBXFrameworksBuildPhase section */
		7B24F8D918B2A73C00C67663 /* Frameworks */ = {
			isa = PBXFrameworksBuildPhase;
			buildActionMask = 2147483647;
			files = (
				7B24F8E218B2A73C00C67663 /* CoreGraphics.framework in Frameworks */,
				7B24F8E418B2A73C00C67663 /* UIKit.framework in Frameworks */,
				7B24F8E018B2A73C00C67663 /* Foundation.framework in Frameworks */,
			);
			runOnlyForDeploymentPostprocessing = 0;
		};
		7B24F8FA18B2A73C00C67663 /* Frameworks */ = {
			isa = PBXFrameworksBuildPhase;
			buildActionMask = 2147483647;
			files = (
				7B24F8FF18B2A73C00C67663 /* XCTest.framework in Frameworks */,
				7B24F90118B2A73C00C67663 /* UIKit.framework in Frameworks */,
				7B24F90018B2A73C00C67663 /* Foundation.framework in Frameworks */,
			);
			runOnlyForDeploymentPostprocessing = 0;
		};
/* End PBXFrameworksBuildPhase section */

/* Begin PBXGroup section */
		7B24F8D318B2A73C00C67663 = {
			isa = PBXGroup;
			children = (
				7B24F8E518B2A73C00C67663 /* Conversate */,
				7B24F90418B2A73C00C67663 /* ConversateTests */,
				7B24F8DE18B2A73C00C67663 /* Frameworks */,
				7B24F8DD18B2A73C00C67663 /* Products */,
			);
			sourceTree = "<group>";
		};
		7B24F8DD18B2A73C00C67663 /* Products */ = {
			isa = PBXGroup;
			children = (
				7B24F8DC18B2A73C00C67663 /* Conversate.app */,
				7B24F8FD18B2A73C00C67663 /* ConversateTests.xctest */,
			);
			name = Products;
			sourceTree = "<group>";
		};
		7B24F8DE18B2A73C00C67663 /* Frameworks */ = {
			isa = PBXGroup;
			children = (
				7B24F8DF18B2A73C00C67663 /* Foundation.framework */,
				7B24F8E118B2A73C00C67663 /* CoreGraphics.framework */,
				7B24F8E318B2A73C00C67663 /* UIKit.framework */,
				7B24F8FE18B2A73C00C67663 /* XCTest.framework */,
			);
			name = Frameworks;
			sourceTree = "<group>";
		};
		7B24F8E518B2A73C00C67663 /* Conversate */ = {
			isa = PBXGroup;
			children = (
				7B24F8EE18B2A73C00C67663 /* ConversateAppDelegate.h */,
				7B24F8EF18B2A73C00C67663 /* ConversateAppDelegate.m */,
				7B24F8F118B2A73C00C67663 /* Main.storyboard */,
				7B24F8F418B2A73C00C67663 /* ConversateViewController.h */,
				7B24F8F518B2A73C00C67663 /* ConversateViewController.m */,
				7B24F8F718B2A73C00C67663 /* Images.xcassets */,
				7B24F8E618B2A73C00C67663 /* Supporting Files */,
			);
			path = Conversate;
			sourceTree = "<group>";
		};
		7B24F8E618B2A73C00C67663 /* Supporting Files */ = {
			isa = PBXGroup;
			children = (
				7B24F8E718B2A73C00C67663 /* Conversate-Info.plist */,
				7B24F8E818B2A73C00C67663 /* InfoPlist.strings */,
				7B24F8EB18B2A73C00C67663 /* main.m */,
				7B24F8ED18B2A73C00C67663 /* Conversate-Prefix.pch */,
			);
			name = "Supporting Files";
			sourceTree = "<group>";
		};
		7B24F90418B2A73C00C67663 /* ConversateTests */ = {
			isa = PBXGroup;
			children = (
				7B24F90A18B2A73C00C67663 /* ConversateTests.m */,
				7B24F90518B2A73C00C67663 /* Supporting Files */,
			);
			path = ConversateTests;
			sourceTree = "<group>";
		};
		7B24F90518B2A73C00C67663 /* Supporting Files */ = {
			isa = PBXGroup;
			children = (
				7B24F90618B2A73C00C67663 /* ConversateTests-Info.plist */,
				7B24F90718B2A73C00C67663 /* InfoPlist.strings */,
			);
			name = "Supporting Files";
			sourceTree = "<group>";
		};
/* End PBXGroup section */

/* Begin PBXNativeTarget section */
		7B24F8DB18B2A73C00C67663 /* Conversate */ = {
			isa = PBXNativeTarget;
			buildConfigurationList = 7B24F90E18B2A73C00C67663 /* Build configuration list for PBXNativeTarget "Conversate" */;
			buildPhases = (
				7B24F8D818B2A73C00C67663 /* Sources */,
				7B24F8D918B2A73C00C67663 /* Frameworks */,
				7B24F8DA18B2A73C00C67663 /* Resources */,
			);
			buildRules = (
			);
			dependencies = (
			);
			name = Conversate;
			productName = Conversate;
			productReference = 7B24F8DC18B2A73C00C67663 /* Conversate.app */;
			productType = "com.apple.product-type.application";
		};
		7B24F8FC18B2A73C00C67663 /* ConversateTests */ = {
			isa = PBXNativeTarget;
			buildConfigurationList = 7B24F91118B2A73C00C67663 /* Build configuration list for PBXNativeTarget "ConversateTests" */;
			buildPhases = (
				7B24F8F918B2A73C00C67663 /* Sources */,
				7B24F8FA18B2A73C00C67663 /* Frameworks */,
				7B24F8FB18B2A73C00C67663 /* Resources */,
			);
			buildRules = (
			);
			dependencies = (
				7B24F90318B2A73C00C67663 /* PBXTargetDependency */,
			);
			name = ConversateTests;
			productName = ConversateTests;
			productReference = 7B24F8FD18B2A73C00C67663 /* ConversateTests.xctest */;
			productType = "com.apple.product-type.bundle.unit-test";
		};
/* End PBXNativeTarget section */

/* Begin PBXProject section */
		7B24F8D418B2A73C00C67663 /* Project object */ = {
			isa = PBXProject;
			attributes = {
				CLASSPREFIX = Conversate;
				LastUpgradeCheck = 0500;
				ORGANIZATIONNAME = "Andrew Butler";
				TargetAttributes = {
					7B24F8FC18B2A73C00C67663 = {
						TestTargetID = 7B24F8DB18B2A73C00C67663;
					};
				};
			};
			buildConfigurationList = 7B24F8D718B2A73C00C67663 /* Build configuration list for PBXProject "Conversate" */;
			compatibilityVersion = "Xcode 3.2";
			developmentRegion = English;
			hasScannedForEncodings = 0;
			knownRegions = (
				en,
				Base,
			);
			mainGroup = 7B24F8D318B2A73C00C67663;
			productRefGroup = 7B24F8DD18B2A73C00C67663 /* Products */;
			projectDirPath = "";
			projectRoot = "";
			targets = (
				7B24F8DB18B2A73C00C67663 /* Conversate */,
				7B24F8FC18B2A73C00C67663 /* ConversateTests */,
			);
		};
/* End PBXProject section */

/* Begin PBXResourcesBuildPhase section */
		7B24F8DA18B2A73C00C67663 /* Resources */ = {
			isa = PBXResourcesBuildPhase;
			buildActionMask = 2147483647;
			files = (
				7B24F8F818B2A73C00C67663 /* Images.xcassets in Resources */,
				7B24F8EA18B2A73C00C67663 /* InfoPlist.strings in Resources */,
				7B24F8F318B2A73C00C67663 /* Main.storyboard in Resources */,
			);
			runOnlyForDeploymentPostprocessing = 0;
		};
		7B24F8FB18B2A73C00C67663 /* Resources */ = {
			isa = PBXResourcesBuildPhase;
			buildActionMask = 2147483647;
			files = (
				7B24F90918B2A73C00C67663 /* InfoPlist.strings in Resources */,
			);
			runOnlyForDeploymentPostprocessing = 0;
		};
/* End PBXResourcesBuildPhase section */

/* Begin PBXSourcesBuildPhase section */
		7B24F8D818B2A73C00C67663 /* Sources */ = {
			isa = PBXSourcesBuildPhase;
			buildActionMask = 2147483647;
			files = (
				7B24F8F618B2A73C00C67663 /* ConversateViewController.m in Sources */,
				7B24F8F018B2A73C00C67663 /* ConversateAppDelegate.m in Sources */,
				7B24F8EC18B2A73C00C67663 /* main.m in Sources */,
			);
			runOnlyForDeploymentPostprocessing = 0;
		};
		7B24F8F918B2A73C00C67663 /* Sources */ = {
			isa = PBXSourcesBuildPhase;
			buildActionMask = 2147483647;
			files = (
				7B24F90B18B2A73C00C67663 /* ConversateTests.m in Sources */,
			);
			runOnlyForDeploymentPostprocessing = 0;
		};
/* End PBXSourcesBuildPhase section */

/* Begin PBXTargetDependency section */
		7B24F90318B2A73C00C67663 /* PBXTargetDependency */ = {
			isa = PBXTargetDependency;
			target = 7B24F8DB18B2A73C00C67663 /* Conversate */;
			targetProxy = 7B24F90218B2A73C00C67663 /* PBXContainerItemProxy */;
		};
/* End PBXTargetDependency section */

/* Begin PBXVariantGroup section */
		7B24F8E818B2A73C00C67663 /* InfoPlist.strings */ = {
			isa = PBXVariantGroup;
			children = (
				7B24F8E918B2A73C00C67663 /* en */,
			);
			name = InfoPlist.strings;
			sourceTree = "<group>";
		};
		7B24F8F118B2A73C00C67663 /* Main.storyboard */ = {
			isa = PBXVariantGroup;
			children = (
				7B24F8F218B2A73C00C67663 /* Base */,
			);
			name = Main.storyboard;
			sourceTree = "<group>";
		};
		7B24F90718B2A73C00C67663 /* InfoPlist.strings */ = {
			isa = PBXVariantGroup;
			children = (
				7B24F90818B2A73C00C67663 /* en */,
			);
			name = InfoPlist.strings;
			sourceTree = "<group>";
		};
/* End PBXVariantGroup section */

/* Begin XCBuildConfiguration section */
		7B24F90C18B2A73C00C67663 /* Debug */ = {
			isa = XCBuildConfiguration;
			buildSettings = {
				ALWAYS_SEARCH_USER_PATHS = NO;
				ARCHS = "$(ARCHS_STANDARD_INCLUDING_64_BIT)";
				CLANG_CXX_LANGUAGE_STANDARD = "gnu++0x";
				CLANG_CXX_LIBRARY = "libc++";
				CLANG_ENABLE_MODULES = YES;
				CLANG_ENABLE_OBJC_ARC = YES;
				CLANG_WARN_BOOL_CONVERSION = YES;
				CLANG_WARN_CONSTANT_CONVERSION = YES;
				CLANG_WARN_DIRECT_OBJC_ISA_USAGE = YES_ERROR;
				CLANG_WARN_EMPTY_BODY = YES;
				CLANG_WARN_ENUM_CONVERSION = YES;
				CLANG_WARN_INT_CONVERSION = YES;
				CLANG_WARN_OBJC_ROOT_CLASS = YES_ERROR;
				CLANG_WARN__DUPLICATE_METHOD_MATCH = YES;
				"CODE_SIGN_IDENTITY[sdk=iphoneos*]" = "iPhone Developer";
				COPY_PHASE_STRIP = NO;
				GCC_C_LANGUAGE_STANDARD = gnu99;
				GCC_DYNAMIC_NO_PIC = NO;
				GCC_OPTIMIZATION_LEVEL = 0;
				GCC_PREPROCESSOR_DEFINITIONS = (
					"DEBUG=1",
					"$(inherited)",
				);
				GCC_SYMBOLS_PRIVATE_EXTERN = NO;
				GCC_WARN_64_TO_32_BIT_CONVERSION = YES;
				GCC_WARN_ABOUT_RETURN_TYPE = YES_ERROR;
				GCC_WARN_UNDECLARED_SELECTOR = YES;
				GCC_WARN_UNINITIALIZED_AUTOS = YES;
				GCC_WARN_UNUSED_FUNCTION = YES;
				GCC_WARN_UNUSED_VARIABLE = YES;
				IPHONEOS_DEPLOYMENT_TARGET = 7.0;
				ONLY_ACTIVE_ARCH = YES;
				SDKROOT = iphoneos;
			};
			name = Debug;
		};
		7B24F90D18B2A73C00C67663 /* Release */ = {
			isa = XCBuildConfiguration;
			buildSettings = {
				ALWAYS_SEARCH_USER_PATHS = NO;
				ARCHS = "$(ARCHS_STANDARD_INCLUDING_64_BIT)";
				CLANG_CXX_LANGUAGE_STANDARD = "gnu++0x";
				CLANG_CXX_LIBRARY = "libc++";
				CLANG_ENABLE_MODULES = YES;
				CLANG_ENABLE_OBJC_ARC = YES;
				CLANG_WARN_BOOL_CONVERSION = YES;
				CLANG_WARN_CONSTANT_CONVERSION = YES;
				CLANG_WARN_DIRECT_OBJC_ISA_USAGE = YES_ERROR;
				CLANG_WARN_EMPTY_BODY = YES;
				CLANG_WARN_ENUM_CONVERSION = YES;
				CLANG_WARN_INT_CONVERSION = YES;
				CLANG_WARN_OBJC_ROOT_CLASS = YES_ERROR;
				CLANG_WARN__DUPLICATE_METHOD_MATCH = YES;
				"CODE_SIGN_IDENTITY[sdk=iphoneos*]" = "iPhone Developer";
				COPY_PHASE_STRIP = YES;
				ENABLE_NS_ASSERTIONS = NO;
				GCC_C_LANGUAGE_STANDARD = gnu99;
				GCC_WARN_64_TO_32_BIT_CONVERSION = YES;
				GCC_WARN_ABOUT_RETURN_TYPE = YES_ERROR;
				GCC_WARN_UNDECLARED_SELECTOR = YES;
				GCC_WARN_UNINITIALIZED_AUTOS = YES;
				GCC_WARN_UNUSED_FUNCTION = YES;
				GCC_WARN_UNUSED_VARIABLE = YES;
				IPHONEOS_DEPLOYMENT_TARGET = 7.0;
				SDKROOT = iphoneos;
				VALIDATE_PRODUCT = YES;
			};
			name = Release;
		};
		7B24F90F18B2A73C00C67663 /* Debug */ = {
			isa = XCBuildConfiguration;
			buildSettings = {
				ASSETCATALOG_COMPILER_APPICON_NAME = AppIcon;
				ASSETCATALOG_COMPILER_LAUNCHIMAGE_NAME = LaunchImage;
				GCC_PRECOMPILE_PREFIX_HEADER = YES;
				GCC_PREFIX_HEADER = "Conversate/Conversate-Prefix.pch";
				INFOPLIST_FILE = "Conversate/Conversate-Info.plist";
				PRODUCT_NAME = "$(TARGET_NAME)";
				WRAPPER_EXTENSION = app;
			};
			name = Debug;
		};
		7B24F91018B2A73C00C67663 /* Release */ = {
			isa = XCBuildConfiguration;
			buildSettings = {
				ASSETCATALOG_COMPILER_APPICON_NAME = AppIcon;
				ASSETCATALOG_COMPILER_LAUNCHIMAGE_NAME = LaunchImage;
				GCC_PRECOMPILE_PREFIX_HEADER = YES;
				GCC_PREFIX_HEADER = "Conversate/Conversate-Prefix.pch";
				INFOPLIST_FILE = "Conversate/Conversate-Info.plist";
				PRODUCT_NAME = "$(TARGET_NAME)";
				WRAPPER_EXTENSION = app;
			};
			name = Release;
		};
		7B24F91218B2A73C00C67663 /* Debug */ = {
			isa = XCBuildConfiguration;
			buildSettings = {
				ARCHS = "$(ARCHS_STANDARD_INCLUDING_64_BIT)";
				BUNDLE_LOADER = "$(BUILT_PRODUCTS_DIR)/Conversate.app/Conversate";
				FRAMEWORK_SEARCH_PATHS = (
					"$(SDKROOT)/Developer/Library/Frameworks",
					"$(inherited)",
					"$(DEVELOPER_FRAMEWORKS_DIR)",
				);
				GCC_PRECOMPILE_PREFIX_HEADER = YES;
				GCC_PREFIX_HEADER = "Conversate/Conversate-Prefix.pch";
				GCC_PREPROCESSOR_DEFINITIONS = (
					"DEBUG=1",
					"$(inherited)",
				);
				INFOPLIST_FILE = "ConversateTests/ConversateTests-Info.plist";
				PRODUCT_NAME = "$(TARGET_NAME)";
				TEST_HOST = "$(BUNDLE_LOADER)";
				WRAPPER_EXTENSION = xctest;
			};
			name = Debug;
		};
		7B24F91318B2A73C00C67663 /* Release */ = {
			isa = XCBuildConfiguration;
			buildSettings = {
				ARCHS = "$(ARCHS_STANDARD_INCLUDING_64_BIT)";
				BUNDLE_LOADER = "$(BUILT_PRODUCTS_DIR)/Conversate.app/Conversate";
				FRAMEWORK_SEARCH_PATHS = (
					"$(SDKROOT)/Developer/Library/Frameworks",
					"$(inherited)",
					"$(DEVELOPER_FRAMEWORKS_DIR)",
				);
				GCC_PRECOMPILE_PREFIX_HEADER = YES;
				GCC_PREFIX_HEADER = "Conversate/Conversate-Prefix.pch";
				INFOPLIST_FILE = "ConversateTests/ConversateTests-Info.plist";
				PRODUCT_NAME = "$(TARGET_NAME)";
				TEST_HOST = "$(BUNDLE_LOADER)";
				WRAPPER_EXTENSION = xctest;
			};
			name = Release;
		};
/* End XCBuildConfiguration section */

/* Begin XCConfigurationList section */
		7B24F8D718B2A73C00C67663 /* Build configuration list for PBXProject "Conversate" */ = {
			isa = XCConfigurationList;
			buildConfigurations = (
				7B24F90C18B2A73C00C67663 /* Debug */,
				7B24F90D18B2A73C00C67663 /* Release */,
			);
			defaultConfigurationIsVisible = 0;
			defaultConfigurationName = Release;
		};
		7B24F90E18B2A73C00C67663 /* Build configuration list for PBXNativeTarget "Conversate" */ = {
			isa = XCConfigurationList;
			buildConfigurations = (
				7B24F90F18B2A73C00C67663 /* Debug */,
				7B24F91018B2A73C00C67663 /* Release */,
			);
			defaultConfigurationIsVisible = 0;
		};
		7B24F91118B2A73C00C67663 /* Build configuration list for PBXNativeTarget "ConversateTests" */ = {
			isa = XCConfigurationList;
			buildConfigurations = (
				7B24F91218B2A73C00C67663 /* Debug */,
				7B24F91318B2A73C00C67663 /* Release */,
			);
			defaultConfigurationIsVisible = 0;
		};
/* End XCConfigurationList section */
	};
	rootObject = 7B24F8D418B2A73C00C67663 /* Project object */;
}
